
Microsoft Visual Studio Solution File, Format Version 12.00
# Visual Studio Version 16
VisualStudioVersion = 25.0.1700.5
MinimumVisualStudioVersion = 10.0.40219.1
Project("{FAE04EC0-301F-11D3-BF4B-00C04F79EFBC}") = "Sprout-Autumn-P1c", "Sprout-Autumn-P1c\Sprout-Autumn-P1c.csproj", "{EBC457D9-45DD-46C9-AC2E-11B180D43E2C}"
EndProject
Project("{FAE04EC0-301F-11D3-BF4B-00C04F79EFBC}") = "Models", "Models\Models.csproj", "{F68722A5-E68A-44F4-9D21-7E7416F8F15B}"
EndProject
Project("{FAE04EC0-301F-11D3-BF4B-00C04F79EFBC}") = "Services", "Services\Services.csproj", "{53FC5E50-64A8-4A7E-A644-58CF78D79434}"
EndProject
Project("{FAE04EC0-301F-11D3-BF4B-00C04F79EFBC}") = "UI", "UI\UI.csproj", "{1200E76F-4B1C-438B-8B72-C0FAAA1089F2}"
EndProject
Project("{FAE04EC0-301F-11D3-BF4B-00C04F79EFBC}") = "DataAccess", "DataAccess\DataAccess.csproj", "{CBF21F5D-E2EB-4527-8C20-7A527AB2C4C4}"
EndProject
Project("{FAE04EC0-301F-11D3-BF4B-00C04F79EFBC}") = "CustomExceptions", "CustomExceptions\CustomExceptions.csproj", "{BD6E56CC-A5B9-4F93-99C1-C87C8E5511FB}"
EndProject
Project("{FAE04EC0-301F-11D3-BF4B-00C04F79EFBC}") = "Sensitive", "Sensitive\Sensitive.csproj", "{996D4C9B-9E77-46EA-B179-0216C10BCDE9}"
EndProject
Global
	GlobalSection(SolutionConfigurationPlatforms) = preSolution
		Debug|Any CPU = Debug|Any CPU
		Release|Any CPU = Release|Any CPU
	EndGlobalSection
	GlobalSection(ProjectConfigurationPlatforms) = postSolution
		{EBC457D9-45DD-46C9-AC2E-11B180D43E2C}.Debug|Any CPU.ActiveCfg = Debug|Any CPU
		{EBC457D9-45DD-46C9-AC2E-11B180D43E2C}.Debug|Any CPU.Build.0 = Debug|Any CPU
		{EBC457D9-45DD-46C9-AC2E-11B180D43E2C}.Release|Any CPU.ActiveCfg = Release|Any CPU
		{EBC457D9-45DD-46C9-AC2E-11B180D43E2C}.Release|Any CPU.Build.0 = Release|Any CPU
		{F68722A5-E68A-44F4-9D21-7E7416F8F15B}.Debug|Any CPU.ActiveCfg = Debug|Any CPU
		{F68722A5-E68A-44F4-9D21-7E7416F8F15B}.Debug|Any CPU.Build.0 = Debug|Any CPU
		{F68722A5-E68A-44F4-9D21-7E7416F8F15B}.Release|Any CPU.ActiveCfg = Release|Any CPU
		{F68722A5-E68A-44F4-9D21-7E7416F8F15B}.Release|Any CPU.Build.0 = Release|Any CPU
		{53FC5E50-64A8-4A7E-A644-58CF78D79434}.Debug|Any CPU.ActiveCfg = Debug|Any CPU
		{53FC5E50-64A8-4A7E-A644-58CF78D79434}.Debug|Any CPU.Build.0 = Debug|Any CPU
		{53FC5E50-64A8-4A7E-A644-58CF78D79434}.Release|Any CPU.ActiveCfg = Release|Any CPU
		{53FC5E50-64A8-4A7E-A644-58CF78D79434}.Release|Any CPU.Build.0 = Release|Any CPU
		{1200E76F-4B1C-438B-8B72-C0FAAA1089F2}.Debug|Any CPU.ActiveCfg = Debug|Any CPU
		{1200E76F-4B1C-438B-8B72-C0FAAA1089F2}.Debug|Any CPU.Build.0 = Debug|Any CPU
		{1200E76F-4B1C-438B-8B72-C0FAAA1089F2}.Release|Any CPU.ActiveCfg = Release|Any CPU
		{1200E76F-4B1C-438B-8B72-C0FAAA1089F2}.Release|Any CPU.Build.0 = Release|Any CPU
		{CBF21F5D-E2EB-4527-8C20-7A527AB2C4C4}.Debug|Any CPU.ActiveCfg = Debug|Any CPU
		{CBF21F5D-E2EB-4527-8C20-7A527AB2C4C4}.Debug|Any CPU.Build.0 = Debug|Any CPU
		{CBF21F5D-E2EB-4527-8C20-7A527AB2C4C4}.Release|Any CPU.ActiveCfg = Release|Any CPU
		{CBF21F5D-E2EB-4527-8C20-7A527AB2C4C4}.Release|Any CPU.Build.0 = Release|Any CPU
		{BD6E56CC-A5B9-4F93-99C1-C87C8E5511FB}.Debug|Any CPU.ActiveCfg = Debug|Any CPU
		{BD6E56CC-A5B9-4F93-99C1-C87C8E5511FB}.Debug|Any CPU.Build.0 = Debug|Any CPU
		{BD6E56CC-A5B9-4F93-99C1-C87C8E5511FB}.Release|Any CPU.ActiveCfg = Release|Any CPU
		{BD6E56CC-A5B9-4F93-99C1-C87C8E5511FB}.Release|Any CPU.Build.0 = Release|Any CPU
		{996D4C9B-9E77-46EA-B179-0216C10BCDE9}.Debug|Any CPU.ActiveCfg = Debug|Any CPU
		{996D4C9B-9E77-46EA-B179-0216C10BCDE9}.Debug|Any CPU.Build.0 = Debug|Any CPU
		{996D4C9B-9E77-46EA-B179-0216C10BCDE9}.Release|Any CPU.ActiveCfg = Release|Any CPU
		{996D4C9B-9E77-46EA-B179-0216C10BCDE9}.Release|Any CPU.Build.0 = Release|Any CPU
	EndGlobalSection
	GlobalSection(SolutionProperties) = preSolution
		HideSolutionNode = FALSE
	EndGlobalSection
	GlobalSection(ExtensibilityGlobals) = postSolution
		SolutionGuid = {2A6ACBDB-187F-4417-9C85-F7F52CC01C12}
	EndGlobalSection
EndGlobal
